
Microsoft Visual Studio Solution File, Format Version 12.00
# Visual Studio 14
VisualStudioVersion = 14.0.24720.0
MinimumVisualStudioVersion = 10.0.40219.1
Project("{FAE04EC0-301F-11D3-BF4B-00C04F79EFBC}") = "Bsg.Ef6", "Bsg.Ef6\Bsg.Ef6.csproj", "{11233887-91FD-45B2-9527-8031F32DF970}"
EndProject
Project("{FAE04EC0-301F-11D3-BF4B-00C04F79EFBC}") = "Bsg.Ef6.Tests", "Bsg.Ef6.Tests\Bsg.Ef6.Tests.csproj", "{E2B8DCAF-4B8E-43B0-9218-509111D793F7}"
EndProject
Project("{2150E333-8FDC-42A3-9474-1A3956D46DE8}") = "Solution Items", "Solution Items", "{3E7507F5-6B71-41D4-8399-DA84DD20E150}"
	ProjectSection(SolutionItems) = preProject
		..\.gitignore = ..\.gitignore
		LibraryDictionary.xml = LibraryDictionary.xml
		LibraryRuleSet.ruleset = LibraryRuleSet.ruleset
		..\README.md = ..\README.md
	EndProjectSection
EndProject
Global
	GlobalSection(SolutionConfigurationPlatforms) = preSolution
		Debug|Any CPU = Debug|Any CPU
		Release|Any CPU = Release|Any CPU
	EndGlobalSection
	GlobalSection(ProjectConfigurationPlatforms) = postSolution
		{11233887-91FD-45B2-9527-8031F32DF970}.Debug|Any CPU.ActiveCfg = Debug|Any CPU
		{11233887-91FD-45B2-9527-8031F32DF970}.Debug|Any CPU.Build.0 = Debug|Any CPU
		{11233887-91FD-45B2-9527-8031F32DF970}.Release|Any CPU.ActiveCfg = Release|Any CPU
		{11233887-91FD-45B2-9527-8031F32DF970}.Release|Any CPU.Build.0 = Release|Any CPU
		{E2B8DCAF-4B8E-43B0-9218-509111D793F7}.Debug|Any CPU.ActiveCfg = Debug|Any CPU
		{E2B8DCAF-4B8E-43B0-9218-509111D793F7}.Debug|Any CPU.Build.0 = Debug|Any CPU
		{E2B8DCAF-4B8E-43B0-9218-509111D793F7}.Release|Any CPU.ActiveCfg = Release|Any CPU
		{E2B8DCAF-4B8E-43B0-9218-509111D793F7}.Release|Any CPU.Build.0 = Release|Any CPU
	EndGlobalSection
	GlobalSection(SolutionProperties) = preSolution
		HideSolutionNode = FALSE
	EndGlobalSection
EndGlobal
